
Microsoft Visual Studio Solution File, Format Version 12.00
# Visual Studio Version 17
VisualStudioVersion = 17.11.35327.3
MinimumVisualStudioVersion = 10.0.40219.1
Project("{9A19103F-16F7-4668-BE54-9A1E7A4F7556}") = "WebApplication7", "WebApplication7\WebApplication7.csproj", "{7D8995E3-EBD8-4C56-9F19-4937C3F6066A}"
EndProject
Global
	GlobalSection(SolutionConfigurationPlatforms) = preSolution
		Debug|Any CPU = Debug|Any CPU
		Release|Any CPU = Release|Any CPU
	EndGlobalSection
	GlobalSection(ProjectConfigurationPlatforms) = postSolution
		{7D8995E3-EBD8-4C56-9F19-4937C3F6066A}.Debug|Any CPU.ActiveCfg = Debug|Any CPU
		{7D8995E3-EBD8-4C56-9F19-4937C3F6066A}.Debug|Any CPU.Build.0 = Debug|Any CPU
		{7D8995E3-EBD8-4C56-9F19-4937C3F6066A}.Release|Any CPU.ActiveCfg = Release|Any CPU
		{7D8995E3-EBD8-4C56-9F19-4937C3F6066A}.Release|Any CPU.Build.0 = Release|Any CPU
	EndGlobalSection
	GlobalSection(SolutionProperties) = preSolution
		HideSolutionNode = FALSE
	EndGlobalSection
	GlobalSection(ExtensibilityGlobals) = postSolution
		SolutionGuid = {D4F0CC71-BADB-48DF-B5AE-590088C37061}
	EndGlobalSection
EndGlobal
